lockfile_version: "1"
generated_at: "2026-05-10T14:33:04.559183+00:00"
apm_version: 0.12.1
dependencies:
  - repo_url: Markolo-Research/markolo-shared
    host: github.com
    resolved_commit: 82b2eec1ec083c2e6fa3c0c559826d856f84a8f6
    resolved_ref: main
    virtual_path: skills
    is_virtual: true
    package_type: apm_package
    deployed_files:
      - .agents/skills/apply-gdoc-changes
      - .agents/skills/changelog-audit
      - .agents/skills/consolidate-test-suites
      - .agents/skills/dependency-vulnerability-scan
      - .agents/skills/dogfood
      - .agents/skills/github-pr-workflow
      - .agents/skills/hard-cut
      - .agents/skills/jenkins
      - .agents/skills/visualization
    content_hash: sha256:e9d405fee59d1c43415ee25920c56303cda8fedfb4c77b8f0df4dd40731c442d
  - repo_url: peteromallet/desloppify
    host: github.com
    resolved_commit: a084a7cbb4b47c83782b3160f8bd8f10151e789f
    resolved_ref: main
    virtual_path: desloppify/data/global
    is_virtual: true
    package_type: claude_skill
    deployed_files:
      - .agents/skills/global
    content_hash: sha256:38a507267a12ef3c7f34af8cfe3386774b04feb74d3d21de43944d3e37c45283
  - repo_url: vercel-labs/agent-browser
    host: github.com
    resolved_commit: 82eadcee41240b1c8477870f846bc8528e77a8a6
    resolved_ref: main
    virtual_path: skills/agent-browser
    is_virtual: true
    package_type: claude_skill
    deployed_files:
      - .agents/skills/agent-browser
    content_hash: sha256:edad4d958bc4baf821e3391bb9889a03a8bbc0e4d7f54ee4a5f30837654fed83
